
Microsoft Visual Studio Solution File, Format Version 12.00
# Visual Studio Version 17
VisualStudioVersion = 17.10.35122.118
MinimumVisualStudioVersion = 10.0.40219.1
Project("{9A19103F-16F7-4668-BE54-9A1E7A4F7556}") = "bank_data_web_service", "bank_data_web_service\bank_data_web_service.csproj", "{BA0E3C84-7511-4DE8-A4E2-7A204D8119A6}"
EndProject
Project("{9A19103F-16F7-4668-BE54-9A1E7A4F7556}") = "bank_data_web_models", "bank_data_web_models\bank_data_web_models.csproj", "{A6F858FC-5F43-4DD9-95ED-1BAB0B95BBA1}"
EndProject
Project("{9A19103F-16F7-4668-BE54-9A1E7A4F7556}") = "bank_data_web_business_layer", "bank_data_web_business_layer\bank_data_web_business_layer.csproj", "{1B34DB1D-F970-4C8A-808A-6BEC71FB0A5F}"
EndProject
Project("{9A19103F-16F7-4668-BE54-9A1E7A4F7556}") = "bank_data_web_data_access_layer", "bank_data_web_data_access_layer\bank_data_web_data_access_layer.csproj", "{E9A0E032-B50C-4816-A539-FE88F169B73B}"
EndProject
Project("{00D1A9C2-B5F0-4AF3-8072-F6C62B433612}") = "bank_data_web_database", "bank_data_web_database\bank_data_web_database.sqlproj", "{48A4501D-ACAA-4708-B246-BA1F92672994}"
EndProject
Project("{FAE04EC0-301F-11D3-BF4B-00C04F79EFBC}") = "bank_data_web_application", "bank_data_web_application\bank_data_web_application.csproj", "{5A76703C-9BBE-4FF8-BA78-7904BB52CDC2}"
EndProject
Global
	GlobalSection(SolutionConfigurationPlatforms) = preSolution
		Debug|Any CPU = Debug|Any CPU
		Release|Any CPU = Release|Any CPU
	EndGlobalSection
	GlobalSection(ProjectConfigurationPlatforms) = postSolution
		{BA0E3C84-7511-4DE8-A4E2-7A204D8119A6}.Debug|Any CPU.ActiveCfg = Debug|Any CPU
		{BA0E3C84-7511-4DE8-A4E2-7A204D8119A6}.Debug|Any CPU.Build.0 = Debug|Any CPU
		{BA0E3C84-7511-4DE8-A4E2-7A204D8119A6}.Release|Any CPU.ActiveCfg = Release|Any CPU
		{BA0E3C84-7511-4DE8-A4E2-7A204D8119A6}.Release|Any CPU.Build.0 = Release|Any CPU
		{A6F858FC-5F43-4DD9-95ED-1BAB0B95BBA1}.Debug|Any CPU.ActiveCfg = Debug|Any CPU
		{A6F858FC-5F43-4DD9-95ED-1BAB0B95BBA1}.Debug|Any CPU.Build.0 = Debug|Any CPU
		{A6F858FC-5F43-4DD9-95ED-1BAB0B95BBA1}.Release|Any CPU.ActiveCfg = Release|Any CPU
		{A6F858FC-5F43-4DD9-95ED-1BAB0B95BBA1}.Release|Any CPU.Build.0 = Release|Any CPU
		{1B34DB1D-F970-4C8A-808A-6BEC71FB0A5F}.Debug|Any CPU.ActiveCfg = Debug|Any CPU
		{1B34DB1D-F970-4C8A-808A-6BEC71FB0A5F}.Debug|Any CPU.Build.0 = Debug|Any CPU
		{1B34DB1D-F970-4C8A-808A-6BEC71FB0A5F}.Release|Any CPU.ActiveCfg = Release|Any CPU
		{1B34DB1D-F970-4C8A-808A-6BEC71FB0A5F}.Release|Any CPU.Build.0 = Release|Any CPU
		{E9A0E032-B50C-4816-A539-FE88F169B73B}.Debug|Any CPU.ActiveCfg = Debug|Any CPU
		{E9A0E032-B50C-4816-A539-FE88F169B73B}.Debug|Any CPU.Build.0 = Debug|Any CPU
		{E9A0E032-B50C-4816-A539-FE88F169B73B}.Release|Any CPU.ActiveCfg = Release|Any CPU
		{E9A0E032-B50C-4816-A539-FE88F169B73B}.Release|Any CPU.Build.0 = Release|Any CPU
		{48A4501D-ACAA-4708-B246-BA1F92672994}.Debug|Any CPU.ActiveCfg = Debug|Any CPU
		{48A4501D-ACAA-4708-B246-BA1F92672994}.Debug|Any CPU.Build.0 = Debug|Any CPU
		{48A4501D-ACAA-4708-B246-BA1F92672994}.Debug|Any CPU.Deploy.0 = Debug|Any CPU
		{48A4501D-ACAA-4708-B246-BA1F92672994}.Release|Any CPU.ActiveCfg = Release|Any CPU
		{48A4501D-ACAA-4708-B246-BA1F92672994}.Release|Any CPU.Build.0 = Release|Any CPU
		{48A4501D-ACAA-4708-B246-BA1F92672994}.Release|Any CPU.Deploy.0 = Release|Any CPU
		{5A76703C-9BBE-4FF8-BA78-7904BB52CDC2}.Debug|Any CPU.ActiveCfg = Debug|Any CPU
		{5A76703C-9BBE-4FF8-BA78-7904BB52CDC2}.Debug|Any CPU.Build.0 = Debug|Any CPU
		{5A76703C-9BBE-4FF8-BA78-7904BB52CDC2}.Release|Any CPU.ActiveCfg = Release|Any CPU
		{5A76703C-9BBE-4FF8-BA78-7904BB52CDC2}.Release|Any CPU.Build.0 = Release|Any CPU
	EndGlobalSection
	GlobalSection(SolutionProperties) = preSolution
		HideSolutionNode = FALSE
	EndGlobalSection
	GlobalSection(ExtensibilityGlobals) = postSolution
		SolutionGuid = {763A1177-EDAB-4416-B6FE-F83841252F3B}
	EndGlobalSection
EndGlobal
